
Microsoft Visual Studio Solution File, Format Version 12.00
# Visual Studio Version 16
VisualStudioVersion = 16.0.31911.196
MinimumVisualStudioVersion = 10.0.40219.1
Project("{FAE04EC0-301F-11D3-BF4B-00C04F79EFBC}") = "UrnaEletronica", "UrnaEletronica\UrnaEletronica.csproj", "{28B3ECC5-CCF6-4150-978C-6F6026455CDB}"
EndProject
Project("{FAE04EC0-301F-11D3-BF4B-00C04F79EFBC}") = "UrnaEletronica.Dominio", "UrnaEletronica.Domain\UrnaEletronica.Dominio.csproj", "{FD1E1D4B-5321-4A3A-9F1D-0355D24226DF}"
EndProject
Project("{FAE04EC0-301F-11D3-BF4B-00C04F79EFBC}") = "UrnaEletronica.Persistencia", "UrnaEletronica.Persistence\UrnaEletronica.Persistencia.csproj", "{7BF6D3DD-8F80-475B-8380-6DBA0EC312A2}"
EndProject
Project("{FAE04EC0-301F-11D3-BF4B-00C04F79EFBC}") = "UrnaEletronica.Aplicacao", "UrnaEletronica.Aplicacao\UrnaEletronica.Aplicacao.csproj", "{64BC8D68-7C3B-421D-96A4-4DF6E2BD734C}"
EndProject
Global
	GlobalSection(SolutionConfigurationPlatforms) = preSolution
		Debug|Any CPU = Debug|Any CPU
		Release|Any CPU = Release|Any CPU
	EndGlobalSection
	GlobalSection(ProjectConfigurationPlatforms) = postSolution
		{28B3ECC5-CCF6-4150-978C-6F6026455CDB}.Debug|Any CPU.ActiveCfg = Debug|Any CPU
		{28B3ECC5-CCF6-4150-978C-6F6026455CDB}.Debug|Any CPU.Build.0 = Debug|Any CPU
		{28B3ECC5-CCF6-4150-978C-6F6026455CDB}.Release|Any CPU.ActiveCfg = Release|Any CPU
		{28B3ECC5-CCF6-4150-978C-6F6026455CDB}.Release|Any CPU.Build.0 = Release|Any CPU
		{FD1E1D4B-5321-4A3A-9F1D-0355D24226DF}.Debug|Any CPU.ActiveCfg = Debug|Any CPU
		{FD1E1D4B-5321-4A3A-9F1D-0355D24226DF}.Debug|Any CPU.Build.0 = Debug|Any CPU
		{FD1E1D4B-5321-4A3A-9F1D-0355D24226DF}.Release|Any CPU.ActiveCfg = Release|Any CPU
		{FD1E1D4B-5321-4A3A-9F1D-0355D24226DF}.Release|Any CPU.Build.0 = Release|Any CPU
		{7BF6D3DD-8F80-475B-8380-6DBA0EC312A2}.Debug|Any CPU.ActiveCfg = Debug|Any CPU
		{7BF6D3DD-8F80-475B-8380-6DBA0EC312A2}.Debug|Any CPU.Build.0 = Debug|Any CPU
		{7BF6D3DD-8F80-475B-8380-6DBA0EC312A2}.Release|Any CPU.ActiveCfg = Release|Any CPU
		{7BF6D3DD-8F80-475B-8380-6DBA0EC312A2}.Release|Any CPU.Build.0 = Release|Any CPU
		{64BC8D68-7C3B-421D-96A4-4DF6E2BD734C}.Debug|Any CPU.ActiveCfg = Debug|Any CPU
		{64BC8D68-7C3B-421D-96A4-4DF6E2BD734C}.Debug|Any CPU.Build.0 = Debug|Any CPU
		{64BC8D68-7C3B-421D-96A4-4DF6E2BD734C}.Release|Any CPU.ActiveCfg = Release|Any CPU
		{64BC8D68-7C3B-421D-96A4-4DF6E2BD734C}.Release|Any CPU.Build.0 = Release|Any CPU
	EndGlobalSection
	GlobalSection(SolutionProperties) = preSolution
		HideSolutionNode = FALSE
	EndGlobalSection
	GlobalSection(ExtensibilityGlobals) = postSolution
		SolutionGuid = {EE3EE1DD-75CB-473D-A56A-FE9F3D3DBB59}
	EndGlobalSection
EndGlobal
